
Microsoft Visual Studio Solution File, Format Version 12.00
# Visual Studio Version 17
VisualStudioVersion = 17.5.002.0
MinimumVisualStudioVersion = 10.0.40219.1
Project("{9A19103F-16F7-4668-BE54-9A1E7A4F7556}") = "keygen-warnsdorff", "keygen-warnsdorff\keygen-warnsdorff.csproj", "{9E6EA871-2A92-4702-B4E3-EE7E2D229A11}"
EndProject
Global
	GlobalSection(SolutionConfigurationPlatforms) = preSolution
		Debug|Any CPU = Debug|Any CPU
		Release|Any CPU = Release|Any CPU
	EndGlobalSection
	GlobalSection(ProjectConfigurationPlatforms) = postSolution
		{9E6EA871-2A92-4702-B4E3-EE7E2D229A11}.Debug|Any CPU.ActiveCfg = Debug|Any CPU
		{9E6EA871-2A92-4702-B4E3-EE7E2D229A11}.Debug|Any CPU.Build.0 = Debug|Any CPU
		{9E6EA871-2A92-4702-B4E3-EE7E2D229A11}.Release|Any CPU.ActiveCfg = Release|Any CPU
		{9E6EA871-2A92-4702-B4E3-EE7E2D229A11}.Release|Any CPU.Build.0 = Release|Any CPU
	EndGlobalSection
	GlobalSection(SolutionProperties) = preSolution
		HideSolutionNode = FALSE
	EndGlobalSection
	GlobalSection(ExtensibilityGlobals) = postSolution
		SolutionGuid = {D2296C36-B97D-45D7-9A49-2D56075B026C}
	EndGlobalSection
EndGlobal
